
Microsoft Visual Studio Solution File, Format Version 12.00
# Visual Studio Version 17
VisualStudioVersion = 17.7.34221.43
MinimumVisualStudioVersion = 10.0.40219.1
Project("{FAE04EC0-301F-11D3-BF4B-00C04F79EFBC}") = "SerilogAndSeq", "SerilogAndSeq\SerilogAndSeq.csproj", "{3543A205-7285-4177-AB2C-4B8F15C40105}"
EndProject
Project("{E53339B2-1760-4266-BCC7-CA923CBCF16C}") = "docker-compose", "docker-compose.dcproj", "{4E8CCB75-BCCA-4602-936A-790AB6621140}"
EndProject
Global
	GlobalSection(SolutionConfigurationPlatforms) = preSolution
		Debug|Any CPU = Debug|Any CPU
		Release|Any CPU = Release|Any CPU
	EndGlobalSection
	GlobalSection(ProjectConfigurationPlatforms) = postSolution
		{3543A205-7285-4177-AB2C-4B8F15C40105}.Debug|Any CPU.ActiveCfg = Debug|Any CPU
		{3543A205-7285-4177-AB2C-4B8F15C40105}.Debug|Any CPU.Build.0 = Debug|Any CPU
		{3543A205-7285-4177-AB2C-4B8F15C40105}.Release|Any CPU.ActiveCfg = Release|Any CPU
		{3543A205-7285-4177-AB2C-4B8F15C40105}.Release|Any CPU.Build.0 = Release|Any CPU
		{4E8CCB75-BCCA-4602-936A-790AB6621140}.Debug|Any CPU.ActiveCfg = Debug|Any CPU
		{4E8CCB75-BCCA-4602-936A-790AB6621140}.Debug|Any CPU.Build.0 = Debug|Any CPU
		{4E8CCB75-BCCA-4602-936A-790AB6621140}.Release|Any CPU.ActiveCfg = Release|Any CPU
		{4E8CCB75-BCCA-4602-936A-790AB6621140}.Release|Any CPU.Build.0 = Release|Any CPU
	EndGlobalSection
	GlobalSection(SolutionProperties) = preSolution
		HideSolutionNode = FALSE
	EndGlobalSection
	GlobalSection(ExtensibilityGlobals) = postSolution
		SolutionGuid = {9FF7F21D-D49D-4F8F-B2DF-B0124AF9A95A}
	EndGlobalSection
EndGlobal
